
Microsoft Visual Studio Solution File, Format Version 12.00
# Visual Studio Version 17
VisualStudioVersion = 17.14.36414.22 d17.14
MinimumVisualStudioVersion = 10.0.40219.1
Project("{FAE04EC0-301F-11D3-BF4B-00C04F79EFBC}") = "CMCS", "CMCS.csproj", "{5DD2F7BC-CBAB-4FE2-8243-84AA6EC4A138}"
EndProject
Global
	GlobalSection(SolutionConfigurationPlatforms) = preSolution
		Debug|Any CPU = Debug|Any CPU
		Release|Any CPU = Release|Any CPU
	EndGlobalSection
	GlobalSection(ProjectConfigurationPlatforms) = postSolution
		{5DD2F7BC-CBAB-4FE2-8243-84AA6EC4A138}.Debug|Any CPU.ActiveCfg = Debug|Any CPU
		{5DD2F7BC-CBAB-4FE2-8243-84AA6EC4A138}.Debug|Any CPU.Build.0 = Debug|Any CPU
		{5DD2F7BC-CBAB-4FE2-8243-84AA6EC4A138}.Release|Any CPU.ActiveCfg = Release|Any CPU
		{5DD2F7BC-CBAB-4FE2-8243-84AA6EC4A138}.Release|Any CPU.Build.0 = Release|Any CPU
	EndGlobalSection
	GlobalSection(SolutionProperties) = preSolution
		HideSolutionNode = FALSE
	EndGlobalSection
	GlobalSection(ExtensibilityGlobals) = postSolution
		SolutionGuid = {7F52E6FC-E0B4-4179-9E73-A6CAF8DC7453}
	EndGlobalSection
EndGlobal
